
Microsoft Visual Studio Solution File, Format Version 12.00
# Visual Studio Version 17
VisualStudioVersion = 17.7.34003.232
MinimumVisualStudioVersion = 10.0.40219.1
Project("{FAE04EC0-301F-11D3-BF4B-00C04F79EFBC}") = "TA25_7_sgallego", "TA25_7_sgallego\TA25_7_sgallego.csproj", "{2302EBD4-38C5-4ABA-8DD5-290D3D55173D}"
EndProject
Global
	GlobalSection(SolutionConfigurationPlatforms) = preSolution
		Debug|Any CPU = Debug|Any CPU
		Release|Any CPU = Release|Any CPU
	EndGlobalSection
	GlobalSection(ProjectConfigurationPlatforms) = postSolution
		{2302EBD4-38C5-4ABA-8DD5-290D3D55173D}.Debug|Any CPU.ActiveCfg = Debug|Any CPU
		{2302EBD4-38C5-4ABA-8DD5-290D3D55173D}.Debug|Any CPU.Build.0 = Debug|Any CPU
		{2302EBD4-38C5-4ABA-8DD5-290D3D55173D}.Release|Any CPU.ActiveCfg = Release|Any CPU
		{2302EBD4-38C5-4ABA-8DD5-290D3D55173D}.Release|Any CPU.Build.0 = Release|Any CPU
	EndGlobalSection
	GlobalSection(SolutionProperties) = preSolution
		HideSolutionNode = FALSE
	EndGlobalSection
	GlobalSection(ExtensibilityGlobals) = postSolution
		SolutionGuid = {F723660A-0884-4347-84E9-39D19504B604}
	EndGlobalSection
EndGlobal
