
Microsoft Visual Studio Solution File, Format Version 12.00
# Visual Studio Version 17
VisualStudioVersion = 17.7.34003.232
MinimumVisualStudioVersion = 10.0.40219.1
Project("{FAE04EC0-301F-11D3-BF4B-00C04F79EFBC}") = "TA25_3_sgallego", "TA25_3_sgallego\TA25_3_sgallego.csproj", "{72A488BF-586C-4657-BC34-B1885CA80DEF}"
EndProject
Global
	GlobalSection(SolutionConfigurationPlatforms) = preSolution
		Debug|Any CPU = Debug|Any CPU
		Release|Any CPU = Release|Any CPU
	EndGlobalSection
	GlobalSection(ProjectConfigurationPlatforms) = postSolution
		{72A488BF-586C-4657-BC34-B1885CA80DEF}.Debug|Any CPU.ActiveCfg = Debug|Any CPU
		{72A488BF-586C-4657-BC34-B1885CA80DEF}.Debug|Any CPU.Build.0 = Debug|Any CPU
		{72A488BF-586C-4657-BC34-B1885CA80DEF}.Release|Any CPU.ActiveCfg = Release|Any CPU
		{72A488BF-586C-4657-BC34-B1885CA80DEF}.Release|Any CPU.Build.0 = Release|Any CPU
	EndGlobalSection
	GlobalSection(SolutionProperties) = preSolution
		HideSolutionNode = FALSE
	EndGlobalSection
	GlobalSection(ExtensibilityGlobals) = postSolution
		SolutionGuid = {0D96F830-0895-467A-AF13-C0DA5D87D327}
	EndGlobalSection
EndGlobal
